<?xml version="1.0" encoding="utf-8"?>
<Project ToolsVersion="4.0" xmlns="http://schemas.microsoft.com/developer/msbuild/2003">
  <ItemGroup>
    <Filter Include="Fichiers sources">
      <UniqueIdentifier>{4FC737F1-C7A5-4376-A066-2A32D752A2FF}</UniqueIdentifier>
      <Extensions>cpp;c;cc;cxx;c++;cppm;ixx;def;odl;idl;hpj;bat;asm;asmx</Extensions>
    </Filter>
    <Filter Include="Fichiers d%27en-tête">
      <UniqueIdentifier>{93995380-89BD-4b04-88EB-625FBE52EBFB}</UniqueIdentifier>
      <Extensions>h;hh;hpp;hxx;h++;hm;inl;inc;ipp;xsd</Extensions>
    </Filter>
    <Filter Include="Fichiers de ressources">
      <UniqueIdentifier>{67DA6AB6-F800-4c08-8B7A-83BB121AAD01}</UniqueIdentifier>
      <Extensions>rc;ico;cur;bmp;dlg;rc2;rct;bin;rgs;gif;jpg;jpeg;jpe;resx;tiff;tif;png;wav;mfcribbon-ms</Extensions>
    </Filter>
  </ItemGroup>
  <ItemGroup>
    <ClCompile Include="Sources\main.cpp">
      <Filter>Fichiers sources</Filter>
    </ClCompile>
    <ClCompile Include="Sources\Initialiser.cpp">
      <Filter>Fichiers sources</Filter>
    </ClCompile>
  </ItemGroup>
  <ItemGroup>
    <Image Include="Resources\AMOGUS\000.png">
      <Filter>Fichiers de ressources</Filter>
    </Image>
    <Image Include="Resources\AMOGUS\001.png">
      <Filter>Fichiers de ressources</Filter>
    </Image>
    <Image Include="Resources\AMOGUS\002.png">
      <Filter>Fichiers de ressources</Filter>
    </Image>
    <Image Include="Resources\AMOGUS\003.png">
      <Filter>Fichiers de ressources</Filter>
    </Image>
    <Image Include="Resources\AMOGUS\004.png">
      <Filter>Fichiers de ressources</Filter>
    </Image>
    <Image Include="Resources\AMOGUS\005.png">
      <Filter>Fichiers de ressources</Filter>
    </Image>
    <Image Include="Resources\AMOGUS\006.png">
      <Filter>Fichiers de ressources</Filter>
    </Image>
    <Image Include="Resources\AMOGUS\007.png">
      <Filter>Fichiers de ressources</Filter>
    </Image>
    <Image Include="Resources\AMOGUS\008.png">
      <Filter>Fichiers de ressources</Filter>
    </Image>
    <Image Include="Resources\AMOGUS\009.jpg">
      <Filter>Fichiers de ressources</Filter>
    </Image>
    <Image Include="Resources\AMOGUS\009.png">
      <Filter>Fichiers de ressources</Filter>
    </Image>
    <Image Include="Resources\AMOGUS\010.png">
      <Filter>Fichiers de ressources</Filter>
    </Image>
    <Image Include="Resources\AMOGUS\011.png">
      <Filter>Fichiers de ressources</Filter>
    </Image>
    <Image Include="Resources\AMOGUS\012.png">
      <Filter>Fichiers de ressources</Filter>
    </Image>
    <Image Include="Resources\AMOGUS\013.png">
      <Filter>Fichiers de ressources</Filter>
    </Image>
    <Image Include="Resources\AMOGUS\014.png">
      <Filter>Fichiers de ressources</Filter>
    </Image>
    <Image Include="Resources\AMOGUS\015.png">
      <Filter>Fichiers de ressources</Filter>
    </Image>
    <Image Include="Resources\AMOGUS\016.png">
      <Filter>Fichiers de ressources</Filter>
    </Image>
    <Image Include="Resources\AMOGUS\017.png">
      <Filter>Fichiers de ressources</Filter>
    </Image>
    <Image Include="Resources\AMOGUS\018.png">
      <Filter>Fichiers de ressources</Filter>
    </Image>
    <Image Include="Resources\AMOGUS\019.png">
      <Filter>Fichiers de ressources</Filter>
    </Image>
    <Image Include="Resources\AMOGUS\020.png">
      <Filter>Fichiers de ressources</Filter>
    </Image>
    <Image Include="Resources\AMOGUS\021.png">
      <Filter>Fichiers de ressources</Filter>
    </Image>
    <Image Include="Resources\AMOGUS\022.png">
      <Filter>Fichiers de ressources</Filter>
    </Image>
    <Image Include="Resources\AMOGUS\023.png">
      <Filter>Fichiers de ressources</Filter>
    </Image>
    <Image Include="Resources\AMOGUS\024.png">
      <Filter>Fichiers de ressources</Filter>
    </Image>
    <Image Include="Resources\AMOGUS\025.png">
      <Filter>Fichiers de ressources</Filter>
    </Image>
    <Image Include="Resources\AMOGUS\026.png">
      <Filter>Fichiers de ressources</Filter>
    </Image>
    <Image Include="Resources\AMOGUS\027.png">
      <Filter>Fichiers de ressources</Filter>
    </Image>
    <Image Include="Resources\AMOGUS\028.png">
      <Filter>Fichiers de ressources</Filter>
    </Image>
    <Image Include="Resources\AMOGUS\029.png">
      <Filter>Fichiers de ressources</Filter>
    </Image>
    <Image Include="Resources\AMOGUS\030.png">
      <Filter>Fichiers de ressources</Filter>
    </Image>
    <Image Include="Resources\AMOGUS\031.png">
      <Filter>Fichiers de ressources</Filter>
    </Image>
    <Image Include="Resources\AMOGUS\032.png">
      <Filter>Fichiers de ressources</Filter>
    </Image>
    <Image Include="Resources\AMOGUS\033.png">
      <Filter>Fichiers de ressources</Filter>
    </Image>
    <Image Include="Resources\AMOGUS\034.png">
      <Filter>Fichiers de ressources</Filter>
    </Image>
    <Image Include="Resources\AMOGUS\035.png">
      <Filter>Fichiers de ressources</Filter>
    </Image>
    <Image Include="Resources\AMOGUS\036.png">
      <Filter>Fichiers de ressources</Filter>
    </Image>
    <Image Include="Resources\AMOGUS\037.png">
      <Filter>Fichiers de ressources</Filter>
    </Image>
    <Image Include="Resources\AMOGUS\038.png">
      <Filter>Fichiers de ressources</Filter>
    </Image>
    <Image Include="Resources\AMOGUS\039.png">
      <Filter>Fichiers de ressources</Filter>
    </Image>
    <Image Include="Resources\AMOGUS\040.png">
      <Filter>Fichiers de ressources</Filter>
    </Image>
    <Image Include="Resources\AMOGUS\041.png">
      <Filter>Fichiers de ressources</Filter>
    </Image>
    <Image Include="Resources\AMOGUS\042.png">
      <Filter>Fichiers de ressources</Filter>
    </Image>
    <Image Include="Resources\AMOGUS\043.png">
      <Filter>Fichiers de ressources</Filter>
    </Image>
    <Image Include="Resources\AMOGUS\044.png">
      <Filter>Fichiers de ressources</Filter>
    </Image>
    <Image Include="Resources\AMOGUS\045.png">
      <Filter>Fichiers de ressources</Filter>
    </Image>
    <Image Include="Resources\AMOGUS\046.png">
      <Filter>Fichiers de ressources</Filter>
    </Image>
    <Image Include="Resources\AMOGUS\047.png">
      <Filter>Fichiers de ressources</Filter>
    </Image>
    <Image Include="Resources\AMOGUS\048.png">
      <Filter>Fichiers de ressources</Filter>
    </Image>
    <Image Include="Resources\AMOGUS\049.png">
      <Filter>Fichiers de ressources</Filter>
    </Image>
    <Image Include="Resources\AMOGUS\050.png">
      <Filter>Fichiers de ressources</Filter>
    </Image>
    <Image Include="Resources\AMOGUS\051.png">
      <Filter>Fichiers de ressources</Filter>
    </Image>
    <Image Include="Resources\AMOGUS\052.png">
      <Filter>Fichiers de ressources</Filter>
    </Image>
    <Image Include="Resources\AMOGUS\053.png">
      <Filter>Fichiers de ressources</Filter>
    </Image>
    <Image Include="Resources\AMOGUS\054.png">
      <Filter>Fichiers de ressources</Filter>
    </Image>
    <Image Include="Resources\AMOGUS\055.png">
      <Filter>Fichiers de ressources</Filter>
    </Image>
    <Image Include="Resources\AMOGUS\056.png">
      <Filter>Fichiers de ressources</Filter>
    </Image>
    <Image Include="Resources\AMOGUS\057.png">
      <Filter>Fichiers de ressources</Filter>
    </Image>
    <Image Include="Resources\AMOGUS\058.png">
      <Filter>Fichiers de ressources</Filter>
    </Image>
    <Image Include="Resources\AMOGUS\059.png">
      <Filter>Fichiers de ressources</Filter>
    </Image>
    <Image Include="Resources\AMOGUS\060.png">
      <Filter>Fichiers de ressources</Filter>
    </Image>
    <Image Include="Resources\AMOGUS\061.png">
      <Filter>Fichiers de ressources</Filter>
    </Image>
    <Image Include="Resources\AMOGUS\062.png">
      <Filter>Fichiers de ressources</Filter>
    </Image>
    <Image Include="Resources\AMOGUS\063.png">
      <Filter>Fichiers de ressources</Filter>
    </Image>
    <Image Include="Resources\AMOGUS\064.png">
      <Filter>Fichiers de ressources</Filter>
    </Image>
    <Image Include="Resources\AMOGUS\065.png">
      <Filter>Fichiers de ressources</Filter>
    </Image>
    <Image Include="Resources\AMOGUS\066.png">
      <Filter>Fichiers de ressources</Filter>
    </Image>
    <Image Include="Resources\AMOGUS\067.png">
      <Filter>Fichiers de ressources</Filter>
    </Image>
    <Image Include="Resources\AMOGUS\068.png">
      <Filter>Fichiers de ressources</Filter>
    </Image>
    <Image Include="Resources\AMOGUS\069.png">
      <Filter>Fichiers de ressources</Filter>
    </Image>
    <Image Include="Resources\AMOGUS\070.png">
      <Filter>Fichiers de ressources</Filter>
    </Image>
    <Image Include="Resources\AMOGUS\071.png">
      <Filter>Fichiers de ressources</Filter>
    </Image>
    <Image Include="Resources\AMOGUS\072.png">
      <Filter>Fichiers de ressources</Filter>
    </Image>
    <Image Include="Resources\AMOGUS\073.png">
      <Filter>Fichiers de ressources</Filter>
    </Image>
    <Image Include="Resources\AMOGUS\074.png">
      <Filter>Fichiers de ressources</Filter>
    </Image>
    <Image Include="Resources\AMOGUS\075.png">
      <Filter>Fichiers de ressources</Filter>
    </Image>
    <Image Include="Resources\AMOGUS\076.png">
      <Filter>Fichiers de ressources</Filter>
    </Image>
    <Image Include="Resources\AMOGUS\077.png">
      <Filter>Fichiers de ressources</Filter>
    </Image>
    <Image Include="Resources\AMOGUS\078.png">
      <Filter>Fichiers de ressources</Filter>
    </Image>
    <Image Include="Resources\AMOGUS\079.png">
      <Filter>Fichiers de ressources</Filter>
    </Image>
    <Image Include="Resources\AMOGUS\080.png">
      <Filter>Fichiers de ressources</Filter>
    </Image>
    <Image Include="Resources\AMOGUS\081.png">
      <Filter>Fichiers de ressources</Filter>
    </Image>
    <Image Include="Resources\AMOGUS\082.png">
      <Filter>Fichiers de ressources</Filter>
    </Image>
    <Image Include="Resources\AMOGUS\083.png">
      <Filter>Fichiers de ressources</Filter>
    </Image>
    <Image Include="Resources\AMOGUS\084.png">
      <Filter>Fichiers de ressources</Filter>
    </Image>
    <Image Include="Resources\AMOGUS\085.png">
      <Filter>Fichiers de ressources</Filter>
    </Image>
    <Image Include="Resources\AMOGUS\086.png">
      <Filter>Fichiers de ressources</Filter>
    </Image>
    <Image Include="Resources\AMOGUS\087.png">
      <Filter>Fichiers de ressources</Filter>
    </Image>
    <Image Include="Resources\AMOGUS\088.png">
      <Filter>Fichiers de ressources</Filter>
    </Image>
    <Image Include="Resources\AMOGUS\089.png">
      <Filter>Fichiers de ressources</Filter>
    </Image>
  </ItemGroup>
  <ItemGroup>
    <ClInclude Include="Headers\Initialiser.hpp">
      <Filter>Fichiers d%27en-tête</Filter>
    </ClInclude>
  </ItemGroup>
  <ItemGroup>
    <Text Include="settings.ini" />
  </ItemGroup>
  <ItemGroup>
    <None Include="dependencies\bin\dpp.dll" />
    <None Include="dependencies\bin\libcrypto-1_1-x64.dll" />
    <None Include="dependencies\bin\libsodium.dll" />
    <None Include="dependencies\bin\libssl-1_1-x64.dll" />
    <None Include="dependencies\bin\opus.dll" />
    <None Include="dependencies\bin\zlib1.dll" />
  </ItemGroup>
</Project>